
Microsoft Visual Studio Solution File, Format Version 12.00
# Visual Studio Version 17
VisualStudioVersion = 17.0.32112.339
MinimumVisualStudioVersion = 10.0.40219.1
Project("{8BC9CEB8-8B4A-11D0-8D11-00A0C91BC942}") = "project", "project.vcxproj", "{239AABFA-DCA1-43D9-90A5-F6F1972515BE}"
EndProject
Global
	GlobalSection(SolutionConfigurationPlatforms) = preSolution
		Debug|x64 = Debug|x64
		Debug|x86 = Debug|x86
		Release|x64 = Release|x64
		Release|x86 = Release|x86
	EndGlobalSection
	GlobalSection(ProjectConfigurationPlatforms) = postSolution
		{239AABFA-DCA1-43D9-90A5-F6F1972515BE}.Debug|x64.ActiveCfg = Debug|x64
		{239AABFA-DCA1-43D9-90A5-F6F1972515BE}.Debug|x64.Build.0 = Debug|x64
		{239AABFA-DCA1-43D9-90A5-F6F1972515BE}.Debug|x86.ActiveCfg = Debug|Win32
		{239AABFA-DCA1-43D9-90A5-F6F1972515BE}.Debug|x86.Build.0 = Debug|Win32
		{239AABFA-DCA1-43D9-90A5-F6F1972515BE}.Release|x64.ActiveCfg = Release|x64
		{239AABFA-DCA1-43D9-90A5-F6F1972515BE}.Release|x64.Build.0 = Release|x64
		{239AABFA-DCA1-43D9-90A5-F6F1972515BE}.Release|x86.ActiveCfg = Release|Win32
		{239AABFA-DCA1-43D9-90A5-F6F1972515BE}.Release|x86.Build.0 = Release|Win32
	EndGlobalSection
	GlobalSection(SolutionProperties) = preSolution
		HideSolutionNode = FALSE
	EndGlobalSection
	GlobalSection(ExtensibilityGlobals) = postSolution
		SolutionGuid = {86FC27D2-6E51-43F4-B282-EDCD119684F1}
	EndGlobalSection
EndGlobal
